
Microsoft Visual Studio Solution File, Format Version 12.00
# Visual Studio Version 18
VisualStudioVersion = 18.5.11619.145 insiders
MinimumVisualStudioVersion = 10.0.40219.1
Project("{FAE04EC0-301F-11D3-BF4B-00C04F79EFBC}") = "EfCoreInterceptor", "EfCoreInterceptor.csproj", "{900DE8B7-149E-DD90-A8FD-EAE7F5F8494B}"
EndProject
Global
	GlobalSection(SolutionConfigurationPlatforms) = preSolution
		Debug|Any CPU = Debug|Any CPU
		Release|Any CPU = Release|Any CPU
	EndGlobalSection
	GlobalSection(ProjectConfigurationPlatforms) = postSolution
		{900DE8B7-149E-DD90-A8FD-EAE7F5F8494B}.Debug|Any CPU.ActiveCfg = Debug|Any CPU
		{900DE8B7-149E-DD90-A8FD-EAE7F5F8494B}.Debug|Any CPU.Build.0 = Debug|Any CPU
		{900DE8B7-149E-DD90-A8FD-EAE7F5F8494B}.Release|Any CPU.ActiveCfg = Release|Any CPU
		{900DE8B7-149E-DD90-A8FD-EAE7F5F8494B}.Release|Any CPU.Build.0 = Release|Any CPU
	EndGlobalSection
	GlobalSection(SolutionProperties) = preSolution
		HideSolutionNode = FALSE
	EndGlobalSection
	GlobalSection(ExtensibilityGlobals) = postSolution
		SolutionGuid = {6577F349-8E41-4A2A-BCE9-2E542B3E9DA1}
	EndGlobalSection
EndGlobal
